
Microsoft Visual Studio Solution File, Format Version 10.00
# Visual Studio 2008
Project("{FAE04EC0-301F-11D3-BF4B-00C04F79EFBC}") = "exploiter", "launcher\exploiter.csproj", "{08D75FB5-1E96-4C23-8488-756F5F379CFC}"
	ProjectSection(ProjectDependencies) = postProject
		{3584A516-83CE-4B20-8247-3B3820C0573C} = {3584A516-83CE-4B20-8247-3B3820C0573C}
	EndProjectSection
EndProject
Project("{8BC9CEB8-8B4A-11D0-8D11-00A0C91BC942}") = "zuco8", "native\zuco8.vcproj", "{3584A516-83CE-4B20-8247-3B3820C0573C}"
EndProject
Global
	GlobalSection(SolutionConfigurationPlatforms) = preSolution
		Debug|Mixed Platforms = Debug|Mixed Platforms
		Debug|OpenZDK (ARMV4I) = Debug|OpenZDK (ARMV4I)
		Release|Mixed Platforms = Release|Mixed Platforms
		Release|OpenZDK (ARMV4I) = Release|OpenZDK (ARMV4I)
	EndGlobalSection
	GlobalSection(ProjectConfigurationPlatforms) = postSolution
		{08D75FB5-1E96-4C23-8488-756F5F379CFC}.Debug|Mixed Platforms.ActiveCfg = Debug|Zune
		{08D75FB5-1E96-4C23-8488-756F5F379CFC}.Debug|Mixed Platforms.Build.0 = Debug|Zune
		{08D75FB5-1E96-4C23-8488-756F5F379CFC}.Debug|Mixed Platforms.Deploy.0 = Debug|Zune
		{08D75FB5-1E96-4C23-8488-756F5F379CFC}.Debug|OpenZDK (ARMV4I).ActiveCfg = Debug|Zune
		{08D75FB5-1E96-4C23-8488-756F5F379CFC}.Debug|OpenZDK (ARMV4I).Build.0 = Debug|Zune
		{08D75FB5-1E96-4C23-8488-756F5F379CFC}.Debug|OpenZDK (ARMV4I).Deploy.0 = Debug|Zune
		{08D75FB5-1E96-4C23-8488-756F5F379CFC}.Release|Mixed Platforms.ActiveCfg = Release|Zune
		{08D75FB5-1E96-4C23-8488-756F5F379CFC}.Release|Mixed Platforms.Build.0 = Release|Zune
		{08D75FB5-1E96-4C23-8488-756F5F379CFC}.Release|OpenZDK (ARMV4I).ActiveCfg = Release|Zune
		{08D75FB5-1E96-4C23-8488-756F5F379CFC}.Release|OpenZDK (ARMV4I).Build.0 = Release|Zune
		{08D75FB5-1E96-4C23-8488-756F5F379CFC}.Release|OpenZDK (ARMV4I).Deploy.0 = Release|Zune
		{3584A516-83CE-4B20-8247-3B3820C0573C}.Debug|Mixed Platforms.ActiveCfg = Debug|OpenZDK (ARMV4I)
		{3584A516-83CE-4B20-8247-3B3820C0573C}.Debug|Mixed Platforms.Build.0 = Debug|OpenZDK (ARMV4I)
		{3584A516-83CE-4B20-8247-3B3820C0573C}.Debug|OpenZDK (ARMV4I).ActiveCfg = Debug|OpenZDK (ARMV4I)
		{3584A516-83CE-4B20-8247-3B3820C0573C}.Debug|OpenZDK (ARMV4I).Build.0 = Debug|OpenZDK (ARMV4I)
		{3584A516-83CE-4B20-8247-3B3820C0573C}.Release|Mixed Platforms.ActiveCfg = Release|OpenZDK (ARMV4I)
		{3584A516-83CE-4B20-8247-3B3820C0573C}.Release|Mixed Platforms.Build.0 = Release|OpenZDK (ARMV4I)
		{3584A516-83CE-4B20-8247-3B3820C0573C}.Release|OpenZDK (ARMV4I).ActiveCfg = Release|OpenZDK (ARMV4I)
		{3584A516-83CE-4B20-8247-3B3820C0573C}.Release|OpenZDK (ARMV4I).Build.0 = Release|OpenZDK (ARMV4I)
		{D3532A96-E6DB-4F7D-91AA-87ABE9912E63}.Debug|Mixed Platforms.ActiveCfg = Debug|Zune
		{D3532A96-E6DB-4F7D-91AA-87ABE9912E63}.Debug|OpenZDK (ARMV4I).ActiveCfg = Debug|Zune
		{D3532A96-E6DB-4F7D-91AA-87ABE9912E63}.Release|Mixed Platforms.ActiveCfg = Release|Zune
		{D3532A96-E6DB-4F7D-91AA-87ABE9912E63}.Release|OpenZDK (ARMV4I).ActiveCfg = Release|Zune
	EndGlobalSection
	GlobalSection(SolutionProperties) = preSolution
		HideSolutionNode = FALSE
	EndGlobalSection
EndGlobal
